
Microsoft Visual Studio Solution File, Format Version 12.00
# Visual Studio 2012
Project("{FAE04EC0-301F-11D3-BF4B-00C04F79EFBC}") = "SuperKoikoukesse.Webservice", "SuperKoikoukesse.Webservice\SuperKoikoukesse.Webservice.csproj", "{713FE3DC-8186-42CD-BBA5-B594DF213BD2}"
EndProject
Project("{FAE04EC0-301F-11D3-BF4B-00C04F79EFBC}") = "SuperKoikoukesse.Common", "..\common\SuperKoikoukesse.Common\SuperKoikoukesse.Common.csproj", "{D397D0A9-E7E3-4BC8-94C9-283DCE28F3F6}"
EndProject
Global
	GlobalSection(SolutionConfigurationPlatforms) = preSolution
		Debug|Any CPU = Debug|Any CPU
		Release|Any CPU = Release|Any CPU
	EndGlobalSection
	GlobalSection(ProjectConfigurationPlatforms) = postSolution
		{713FE3DC-8186-42CD-BBA5-B594DF213BD2}.Debug|Any CPU.ActiveCfg = Debug|Any CPU
		{713FE3DC-8186-42CD-BBA5-B594DF213BD2}.Debug|Any CPU.Build.0 = Debug|Any CPU
		{713FE3DC-8186-42CD-BBA5-B594DF213BD2}.Release|Any CPU.ActiveCfg = Release|Any CPU
		{713FE3DC-8186-42CD-BBA5-B594DF213BD2}.Release|Any CPU.Build.0 = Release|Any CPU
		{D397D0A9-E7E3-4BC8-94C9-283DCE28F3F6}.Debug|Any CPU.ActiveCfg = Debug|Any CPU
		{D397D0A9-E7E3-4BC8-94C9-283DCE28F3F6}.Debug|Any CPU.Build.0 = Debug|Any CPU
		{D397D0A9-E7E3-4BC8-94C9-283DCE28F3F6}.Release|Any CPU.ActiveCfg = Release|Any CPU
		{D397D0A9-E7E3-4BC8-94C9-283DCE28F3F6}.Release|Any CPU.Build.0 = Release|Any CPU
	EndGlobalSection
	GlobalSection(SolutionProperties) = preSolution
		HideSolutionNode = FALSE
	EndGlobalSection
EndGlobal
